
Microsoft Visual Studio Solution File, Format Version 12.00
# Visual Studio 2013
VisualStudioVersion = 12.0.21005.1
MinimumVisualStudioVersion = 10.0.40219.1
Project("{FAE04EC0-301F-11D3-BF4B-00C04F79EFBC}") = "Calculator", "Calculator\Calculator.csproj", "{F6C7C43A-B792-49B7-AB12-183E1F1EC49F}"
EndProject
Global
	GlobalSection(SolutionConfigurationPlatforms) = preSolution
		Debug|Any CPU = Debug|Any CPU
		Release|Any CPU = Release|Any CPU
	EndGlobalSection
	GlobalSection(ProjectConfigurationPlatforms) = postSolution
		{F6C7C43A-B792-49B7-AB12-183E1F1EC49F}.Debug|Any CPU.ActiveCfg = Debug|Any CPU
		{F6C7C43A-B792-49B7-AB12-183E1F1EC49F}.Debug|Any CPU.Build.0 = Debug|Any CPU
		{F6C7C43A-B792-49B7-AB12-183E1F1EC49F}.Release|Any CPU.ActiveCfg = Release|Any CPU
		{F6C7C43A-B792-49B7-AB12-183E1F1EC49F}.Release|Any CPU.Build.0 = Release|Any CPU
	EndGlobalSection
	GlobalSection(SolutionProperties) = preSolution
		HideSolutionNode = FALSE
	EndGlobalSection
EndGlobal
